PODS:
  - JKImageCutter (1.0.1)

DEPENDENCIES:
  - JKImageCutter (~> 1.0.1)

SPEC REPOS:
  https://github.com/cocoapods/specs.git:
    - JKImageCutter

SPEC CHECKSUMS:
  JKImageCutter: de76438825f7359d462a10b2fcfd30bfcc492f3e

PODFILE CHECKSUM: e3ee5ebc6ce9bc13219d9960eea05b91184e0ecc

COCOAPODS: 1.5.3
