PODS:
  - JKImageCutter (1.0.1)

DEPENDENCIES:
  - JKImageCutter (~> 1.0.1)

SPEC REPOS:
  https://github.com/cocoapods/specs.git:
    - JKImageCutter

SPEC CHECKSUMS:
  JKImageCutter: de76438825f7359d462a10b2fcfd30bfcc492f3e

PODFILE CHECKSUM: 8336360415e8300e886c5170781c8dcdea8c234a

COCOAPODS: 1.5.3
